// !$*UTF8*$!
{
	archiveVersion = 1;
	classes = {
	};
	objectVersion = 56;
	objects = {

/* Begin PBXBuildFile section */
		042F691B2B13495400C5B88C /* DetailEditView.swift in Sources */ = {isa = PBXBuildFile; fileRef = 042F691A2B13495400C5B88C /* DetailEditView.swift */; };
		042F691D2B135A1000C5B88C /* ThemeView.swift in Sources */ = {isa = PBXBuildFile; fileRef = 042F691C2B135A1000C5B88C /* ThemeView.swift */; };
		042F69212B137E9300C5B88C /* ThemePickerView.swift in Sources */ = {isa = PBXBuildFile; fileRef = 042F69202B137E9300C5B88C /* ThemePickerView.swift */; };
		048477D72B10723700D1F0DE /* scrumdingerApp.swift in Sources */ = {isa = PBXBuildFile; fileRef = 048477D62B10723700D1F0DE /* scrumdingerApp.swift */; };
		048477D92B10723700D1F0DE /* MeetingView.swift in Sources */ = {isa = PBXBuildFile; fileRef = 048477D82B10723700D1F0DE /* MeetingView.swift */; };
		048477DB2B10723C00D1F0DE /* Assets.xcassets in Resources */ = {isa = PBXBuildFile; fileRef = 048477DA2B10723C00D1F0DE /* Assets.xcassets */; };
		048477DE2B10723C00D1F0DE /* Preview Assets.xcassets in Resources */ = {isa = PBXBuildFile; fileRef = 048477DD2B10723C00D1F0DE /* Preview Assets.xcassets */; };
		048477E82B10723D00D1F0DE /* scrumdingerTests.swift in Sources */ = {isa = PBXBuildFile; fileRef = 048477E72B10723D00D1F0DE /* scrumdingerTests.swift */; };
		048477F22B10723D00D1F0DE /* scrumdingerUITests.swift in Sources */ = {isa = PBXBuildFile; fileRef = 048477F12B10723D00D1F0DE /* scrumdingerUITests.swift */; };
		048477F42B10723D00D1F0DE /* scrumdingerUITestsLaunchTests.swift in Sources */ = {isa = PBXBuildFile; fileRef = 048477F32B10723D00D1F0DE /* scrumdingerUITestsLaunchTests.swift */; };
		04CE9A172B110A7500CE2D0C /* DetailView.swift in Sources */ = {isa = PBXBuildFile; fileRef = 04CE9A162B110A7500CE2D0C /* DetailView.swift */; };
		04CE9A182B110A7500CE2D0C /* DetailView.swift in Sources */ = {isa = PBXBuildFile; fileRef = 04CE9A162B110A7500CE2D0C /* DetailView.swift */; };
		04CE9A192B110A7500CE2D0C /* DetailView.swift in Sources */ = {isa = PBXBuildFile; fileRef = 04CE9A162B110A7500CE2D0C /* DetailView.swift */; };
		04EEA88D2B10B75500697AD3 /* Theme.swift in Sources */ = {isa = PBXBuildFile; fileRef = 04EEA88C2B10B75500697AD3 /* Theme.swift */; };
		04EEA88F2B10B87100697AD3 /* DailyScrum.swift in Sources */ = {isa = PBXBuildFile; fileRef = 04EEA88E2B10B87100697AD3 /* DailyScrum.swift */; };
		04EEA8932B10B9DC00697AD3 /* CardView.swift in Sources */ = {isa = PBXBuildFile; fileRef = 04EEA8922B10B9DC00697AD3 /* CardView.swift */; };
		04EEA8942B10B9DC00697AD3 /* CardView.swift in Sources */ = {isa = PBXBuildFile; fileRef = 04EEA8922B10B9DC00697AD3 /* CardView.swift */; };
		04EEA8952B10B9DC00697AD3 /* CardView.swift in Sources */ = {isa = PBXBuildFile; fileRef = 04EEA8922B10B9DC00697AD3 /* CardView.swift */; };
		04EEA8972B10C28000697AD3 /* TrailingIconLabelStyle.swift in Sources */ = {isa = PBXBuildFile; fileRef = 04EEA8962B10C28000697AD3 /* TrailingIconLabelStyle.swift */; };
		04EEA8982B10C28000697AD3 /* TrailingIconLabelStyle.swift in Sources */ = {isa = PBXBuildFile; fileRef = 04EEA8962B10C28000697AD3 /* TrailingIconLabelStyle.swift */; };
		04EEA8992B10C28000697AD3 /* TrailingIconLabelStyle.swift in Sources */ = {isa = PBXBuildFile; fileRef = 04EEA8962B10C28000697AD3 /* TrailingIconLabelStyle.swift */; };
		04EEA89B2B10CD2F00697AD3 /* ScrumsView.swift in Sources */ = {isa = PBXBuildFile; fileRef = 04EEA89A2B10CD2F00697AD3 /* ScrumsView.swift */; };
		04EEA89C2B10CD2F00697AD3 /* ScrumsView.swift in Sources */ = {isa = PBXBuildFile; fileRef = 04EEA89A2B10CD2F00697AD3 /* ScrumsView.swift */; };
		04EEA89D2B10CD2F00697AD3 /* ScrumsView.swift in Sources */ = {isa = PBXBuildFile; fileRef = 04EEA89A2B10CD2F00697AD3 /* ScrumsView.swift */; };
/* End PBXBuildFile section */

/* Begin PBXContainerItemProxy section */
		048477E42B10723D00D1F0DE /* PBXContainerItemProxy */ = {
			isa = PBXContainerItemProxy;
			containerPortal = 048477CB2B10723600D1F0DE /* Project object */;
			proxyType = 1;
			remoteGlobalIDString = 048477D22B10723600D1F0DE;
			remoteInfo = scrumdinger;
		};
		048477EE2B10723D00D1F0DE /* PBXContainerItemProxy */ = {
			isa = PBXContainerItemProxy;
			containerPortal = 048477CB2B10723600D1F0DE /* Project object */;
			proxyType = 1;
			remoteGlobalIDString = 048477D22B10723600D1F0DE;
			remoteInfo = scrumdinger;
		};
/* End PBXContainerItemProxy section */

/* Begin PBXFileReference section */
		042F691A2B13495400C5B88C /* DetailEditView.swift */ = {isa = PBXFileReference; lastKnownFileType = sourcecode.swift; path = DetailEditView.swift; sourceTree = "<group>"; };
		042F691C2B135A1000C5B88C /* ThemeView.swift */ = {isa = PBXFileReference; lastKnownFileType = sourcecode.swift; path = ThemeView.swift; sourceTree = "<group>"; };
		042F69202B137E9300C5B88C /* ThemePickerView.swift */ = {isa = PBXFileReference; lastKnownFileType = sourcecode.swift; path = ThemePickerView.swift; sourceTree = "<group>"; };
		048477D32B10723700D1F0DE /* scrumdinger.app */ = {isa = PBXFileReference; explicitFileType = wrapper.application; includeInIndex = 0; path = scrumdinger.app; sourceTree = BUILT_PRODUCTS_DIR; };
		048477D62B10723700D1F0DE /* scrumdingerApp.swift */ = {isa = PBXFileReference; lastKnownFileType = sourcecode.swift; path = scrumdingerApp.swift; sourceTree = "<group>"; };
		048477D82B10723700D1F0DE /* MeetingView.swift */ = {isa = PBXFileReference; lastKnownFileType = sourcecode.swift; path = MeetingView.swift; sourceTree = "<group>"; };
		048477DA2B10723C00D1F0DE /* Assets.xcassets */ = {isa = PBXFileReference; lastKnownFileType = folder.assetcatalog; path = Assets.xcassets; sourceTree = "<group>"; };
		048477DD2B10723C00D1F0DE /* Preview Assets.xcassets */ = {isa = PBXFileReference; lastKnownFileType = folder.assetcatalog; path = "Preview Assets.xcassets"; sourceTree = "<group>"; };
		048477E32B10723D00D1F0DE /* scrumdingerTests.xctest */ = {isa = PBXFileReference; explicitFileType = wrapper.cfbundle; includeInIndex = 0; path = scrumdingerTests.xctest; sourceTree = BUILT_PRODUCTS_DIR; };
		048477E72B10723D00D1F0DE /* scrumdingerTests.swift */ = {isa = PBXFileReference; lastKnownFileType = sourcecode.swift; path = scrumdingerTests.swift; sourceTree = "<group>"; };
		048477ED2B10723D00D1F0DE /* scrumdingerUITests.xctest */ = {isa = PBXFileReference; explicitFileType = wrapper.cfbundle; includeInIndex = 0; path = scrumdingerUITests.xctest; sourceTree = BUILT_PRODUCTS_DIR; };
		048477F12B10723D00D1F0DE /* scrumdingerUITests.swift */ = {isa = PBXFileReference; lastKnownFileType = sourcecode.swift; path = scrumdingerUITests.swift; sourceTree = "<group>"; };
		048477F32B10723D00D1F0DE /* scrumdingerUITestsLaunchTests.swift */ = {isa = PBXFileReference; lastKnownFileType = sourcecode.swift; path = scrumdingerUITestsLaunchTests.swift; sourceTree = "<group>"; };
		04CE9A162B110A7500CE2D0C /* DetailView.swift */ = {isa = PBXFileReference; lastKnownFileType = sourcecode.swift; path = DetailView.swift; sourceTree = "<group>"; };
		04EEA88C2B10B75500697AD3 /* Theme.swift */ = {isa = PBXFileReference; lastKnownFileType = sourcecode.swift; path = Theme.swift; sourceTree = "<group>"; };
		04EEA88E2B10B87100697AD3 /* DailyScrum.swift */ = {isa = PBXFileReference; lastKnownFileType = sourcecode.swift; path = DailyScrum.swift; sourceTree = "<group>"; };
		04EEA8922B10B9DC00697AD3 /* CardView.swift */ = {isa = PBXFileReference; lastKnownFileType = sourcecode.swift; path = CardView.swift; sourceTree = "<group>"; };
		04EEA8962B10C28000697AD3 /* TrailingIconLabelStyle.swift */ = {isa = PBXFileReference; lastKnownFileType = sourcecode.swift; path = TrailingIconLabelStyle.swift; sourceTree = "<group>"; };
		04EEA89A2B10CD2F00697AD3 /* ScrumsView.swift */ = {isa = PBXFileReference; lastKnownFileType = sourcecode.swift; path = ScrumsView.swift; sourceTree = "<group>"; };
/* End PBXFileReference section */

/* Begin PBXFrameworksBuildPhase section */
		048477D02B10723600D1F0DE /* Frameworks */ = {
			isa = PBXFrameworksBuildPhase;
			buildActionMask = 2147483647;
			files = (
			);
			runOnlyForDeploymentPostprocessing = 0;
		};
		048477E02B10723D00D1F0DE /* Frameworks */ = {
			isa = PBXFrameworksBuildPhase;
			buildActionMask = 2147483647;
			files = (
			);
			runOnlyForDeploymentPostprocessing = 0;
		};
		048477EA2B10723D00D1F0DE /* Frameworks */ = {
			isa = PBXFrameworksBuildPhase;
			buildActionMask = 2147483647;
			files = (
			);
			runOnlyForDeploymentPostprocessing = 0;
		};
/* End PBXFrameworksBuildPhase section */

/* Begin PBXGroup section */
		042F69192B13477900C5B88C /* Views */ = {
			isa = PBXGroup;
			children = (
				04EEA8922B10B9DC00697AD3 /* CardView.swift */,
				048477D82B10723700D1F0DE /* MeetingView.swift */,
				04EEA8962B10C28000697AD3 /* TrailingIconLabelStyle.swift */,
				04CE9A162B110A7500CE2D0C /* DetailView.swift */,
				04EEA89A2B10CD2F00697AD3 /* ScrumsView.swift */,
				042F691A2B13495400C5B88C /* DetailEditView.swift */,
				042F691C2B135A1000C5B88C /* ThemeView.swift */,
				042F69202B137E9300C5B88C /* ThemePickerView.swift */,
			);
			path = Views;
			sourceTree = "<group>";
		};
		048477CA2B10723600D1F0DE = {
			isa = PBXGroup;
			children = (
				048477D52B10723700D1F0DE /* scrumdinger */,
				048477E62B10723D00D1F0DE /* scrumdingerTests */,
				048477F02B10723D00D1F0DE /* scrumdingerUITests */,
				048477D42B10723700D1F0DE /* Products */,
			);
			sourceTree = "<group>";
		};
		048477D42B10723700D1F0DE /* Products */ = {
			isa = PBXGroup;
			children = (
				048477D32B10723700D1F0DE /* scrumdinger.app */,
				048477E32B10723D00D1F0DE /* scrumdingerTests.xctest */,
				048477ED2B10723D00D1F0DE /* scrumdingerUITests.xctest */,
			);
			name = Products;
			sourceTree = "<group>";
		};
		048477D52B10723700D1F0DE /* scrumdinger */ = {
			isa = PBXGroup;
			children = (
				04EEA88B2B10B72A00697AD3 /* Models */,
				048477D62B10723700D1F0DE /* scrumdingerApp.swift */,
				042F69192B13477900C5B88C /* Views */,
				048477DA2B10723C00D1F0DE /* Assets.xcassets */,
				048477DC2B10723C00D1F0DE /* Preview Content */,
			);
			path = scrumdinger;
			sourceTree = "<group>";
		};
		048477DC2B10723C00D1F0DE /* Preview Content */ = {
			isa = PBXGroup;
			children = (
				048477DD2B10723C00D1F0DE /* Preview Assets.xcassets */,
			);
			path = "Preview Content";
			sourceTree = "<group>";
		};
		048477E62B10723D00D1F0DE /* scrumdingerTests */ = {
			isa = PBXGroup;
			children = (
				048477E72B10723D00D1F0DE /* scrumdingerTests.swift */,
			);
			path = scrumdingerTests;
			sourceTree = "<group>";
		};
		048477F02B10723D00D1F0DE /* scrumdingerUITests */ = {
			isa = PBXGroup;
			children = (
				048477F12B10723D00D1F0DE /* scrumdingerUITests.swift */,
				048477F32B10723D00D1F0DE /* scrumdingerUITestsLaunchTests.swift */,
			);
			path = scrumdingerUITests;
			sourceTree = "<group>";
		};
		04EEA88B2B10B72A00697AD3 /* Models */ = {
			isa = PBXGroup;
			children = (
				04EEA88C2B10B75500697AD3 /* Theme.swift */,
				04EEA88E2B10B87100697AD3 /* DailyScrum.swift */,
			);
			path = Models;
			sourceTree = "<group>";
		};
/* End PBXGroup section */

/* Begin PBXNativeTarget section */
		048477D22B10723600D1F0DE /* scrumdinger */ = {
			isa = PBXNativeTarget;
			buildConfigurationList = 048477F72B10723D00D1F0DE /* Build configuration list for PBXNativeTarget "scrumdinger" */;
			buildPhases = (
				048477CF2B10723600D1F0DE /* Sources */,
				048477D02B10723600D1F0DE /* Frameworks */,
				048477D12B10723600D1F0DE /* Resources */,
			);
			buildRules = (
			);
			dependencies = (
			);
			name = scrumdinger;
			productName = scrumdinger;
			productReference = 048477D32B10723700D1F0DE /* scrumdinger.app */;
			productType = "com.apple.product-type.application";
		};
		048477E22B10723D00D1F0DE /* scrumdingerTests */ = {
			isa = PBXNativeTarget;
			buildConfigurationList = 048477FA2B10723D00D1F0DE /* Build configuration list for PBXNativeTarget "scrumdingerTests" */;
			buildPhases = (
				048477DF2B10723D00D1F0DE /* Sources */,
				048477E02B10723D00D1F0DE /* Frameworks */,
				048477E12B10723D00D1F0DE /* Resources */,
			);
			buildRules = (
			);
			dependencies = (
				048477E52B10723D00D1F0DE /* PBXTargetDependency */,
			);
			name = scrumdingerTests;
			productName = scrumdingerTests;
			productReference = 048477E32B10723D00D1F0DE /* scrumdingerTests.xctest */;
			productType = "com.apple.product-type.bundle.unit-test";
		};
		048477EC2B10723D00D1F0DE /* scrumdingerUITests */ = {
			isa = PBXNativeTarget;
			buildConfigurationList = 048477FD2B10723D00D1F0DE /* Build configuration list for PBXNativeTarget "scrumdingerUITests" */;
			buildPhases = (
				048477E92B10723D00D1F0DE /* Sources */,
				048477EA2B10723D00D1F0DE /* Frameworks */,
				048477EB2B10723D00D1F0DE /* Resources */,
			);
			buildRules = (
			);
			dependencies = (
				048477EF2B10723D00D1F0DE /* PBXTargetDependency */,
			);
			name = scrumdingerUITests;
			productName = scrumdingerUITests;
			productReference = 048477ED2B10723D00D1F0DE /* scrumdingerUITests.xctest */;
			productType = "com.apple.product-type.bundle.ui-testing";
		};
/* End PBXNativeTarget section */

/* Begin PBXProject section */
		048477CB2B10723600D1F0DE /* Project object */ = {
			isa = PBXProject;
			attributes = {
				BuildIndependentTargetsInParallel = 1;
				LastSwiftUpdateCheck = 1420;
				LastUpgradeCheck = 1420;
				TargetAttributes = {
					048477D22B10723600D1F0DE = {
						CreatedOnToolsVersion = 14.2;
					};
					048477E22B10723D00D1F0DE = {
						CreatedOnToolsVersion = 14.2;
						TestTargetID = 048477D22B10723600D1F0DE;
					};
					048477EC2B10723D00D1F0DE = {
						CreatedOnToolsVersion = 14.2;
						TestTargetID = 048477D22B10723600D1F0DE;
					};
				};
			};
			buildConfigurationList = 048477CE2B10723600D1F0DE /* Build configuration list for PBXProject "scrumdinger" */;
			compatibilityVersion = "Xcode 14.0";
			developmentRegion = en;
			hasScannedForEncodings = 0;
			knownRegions = (
				en,
				Base,
			);
			mainGroup = 048477CA2B10723600D1F0DE;
			productRefGroup = 048477D42B10723700D1F0DE /* Products */;
			projectDirPath = "";
			projectRoot = "";
			targets = (
				048477D22B10723600D1F0DE /* scrumdinger */,
				048477E22B10723D00D1F0DE /* scrumdingerTests */,
				048477EC2B10723D00D1F0DE /* scrumdingerUITests */,
			);
		};
/* End PBXProject section */

/* Begin PBXResourcesBuildPhase section */
		048477D12B10723600D1F0DE /* Resources */ = {
			isa = PBXResourcesBuildPhase;
			buildActionMask = 2147483647;
			files = (
				048477DE2B10723C00D1F0DE /* Preview Assets.xcassets in Resources */,
				048477DB2B10723C00D1F0DE /* Assets.xcassets in Resources */,
			);
			runOnlyForDeploymentPostprocessing = 0;
		};
		048477E12B10723D00D1F0DE /* Resources */ = {
			isa = PBXResourcesBuildPhase;
			buildActionMask = 2147483647;
			files = (
			);
			runOnlyForDeploymentPostprocessing = 0;
		};
		048477EB2B10723D00D1F0DE /* Resources */ = {
			isa = PBXResourcesBuildPhase;
			buildActionMask = 2147483647;
			files = (
			);
			runOnlyForDeploymentPostprocessing = 0;
		};
/* End PBXResourcesBuildPhase section */

/* Begin PBXSourcesBuildPhase section */
		048477CF2B10723600D1F0DE /* Sources */ = {
			isa = PBXSourcesBuildPhase;
			buildActionMask = 2147483647;
			files = (
				04EEA88F2B10B87100697AD3 /* DailyScrum.swift in Sources */,
				04CE9A172B110A7500CE2D0C /* DetailView.swift in Sources */,
				042F691B2B13495400C5B88C /* DetailEditView.swift in Sources */,
				04EEA8972B10C28000697AD3 /* TrailingIconLabelStyle.swift in Sources */,
				04EEA88D2B10B75500697AD3 /* Theme.swift in Sources */,
				042F69212B137E9300C5B88C /* ThemePickerView.swift in Sources */,
				04EEA89B2B10CD2F00697AD3 /* ScrumsView.swift in Sources */,
				048477D92B10723700D1F0DE /* MeetingView.swift in Sources */,
				048477D72B10723700D1F0DE /* scrumdingerApp.swift in Sources */,
				042F691D2B135A1000C5B88C /* ThemeView.swift in Sources */,
				04EEA8932B10B9DC00697AD3 /* CardView.swift in Sources */,
			);
			runOnlyForDeploymentPostprocessing = 0;
		};
		048477DF2B10723D00D1F0DE /* Sources */ = {
			isa = PBXSourcesBuildPhase;
			buildActionMask = 2147483647;
			files = (
				04EEA8942B10B9DC00697AD3 /* CardView.swift in Sources */,
				04EEA8982B10C28000697AD3 /* TrailingIconLabelStyle.swift in Sources */,
				048477E82B10723D00D1F0DE /* scrumdingerTests.swift in Sources */,
				04CE9A182B110A7500CE2D0C /* DetailView.swift in Sources */,
				04EEA89C2B10CD2F00697AD3 /* ScrumsView.swift in Sources */,
			);
			runOnlyForDeploymentPostprocessing = 0;
		};
		048477E92B10723D00D1F0DE /* Sources */ = {
			isa = PBXSourcesBuildPhase;
			buildActionMask = 2147483647;
			files = (
				048477F42B10723D00D1F0DE /* scrumdingerUITestsLaunchTests.swift in Sources */,
				04CE9A192B110A7500CE2D0C /* DetailView.swift in Sources */,
				04EEA8952B10B9DC00697AD3 /* CardView.swift in Sources */,
				048477F22B10723D00D1F0DE /* scrumdingerUITests.swift in Sources */,
				04EEA89D2B10CD2F00697AD3 /* ScrumsView.swift in Sources */,
				04EEA8992B10C28000697AD3 /* TrailingIconLabelStyle.swift in Sources */,
			);
			runOnlyForDeploymentPostprocessing = 0;
		};
/* End PBXSourcesBuildPhase section */

/* Begin PBXTargetDependency section */
		048477E52B10723D00D1F0DE /* PBXTargetDependency */ = {
			isa = PBXTargetDependency;
			target = 048477D22B10723600D1F0DE /* scrumdinger */;
			targetProxy = 048477E42B10723D00D1F0DE /* PBXContainerItemProxy */;
		};
		048477EF2B10723D00D1F0DE /* PBXTargetDependency */ = {
			isa = PBXTargetDependency;
			target = 048477D22B10723600D1F0DE /* scrumdinger */;
			targetProxy = 048477EE2B10723D00D1F0DE /* PBXContainerItemProxy */;
		};
/* End PBXTargetDependency section */

/* Begin XCBuildConfiguration section */
		048477F52B10723D00D1F0DE /* Debug */ = {
			isa = XCBuildConfiguration;
			buildSettings = {
				ALWAYS_SEARCH_USER_PATHS = NO;
				CLANG_ANALYZER_NONNULL = YES;
				CLANG_ANALYZER_NUMBER_OBJECT_CONVERSION = YES_AGGRESSIVE;
				CLANG_CXX_LANGUAGE_STANDARD = "gnu++20";
				CLANG_ENABLE_MODULES = YES;
				CLANG_ENABLE_OBJC_ARC = YES;
				CLANG_ENABLE_OBJC_WEAK = YES;
				CLANG_WARN_BLOCK_CAPTURE_AUTORELEASING = YES;
				CLANG_WARN_BOOL_CONVERSION = YES;
				CLANG_WARN_COMMA = YES;
				CLANG_WARN_CONSTANT_CONVERSION = YES;
				CLANG_WARN_DEPRECATED_OBJC_IMPLEMENTATIONS = YES;
				CLANG_WARN_DIRECT_OBJC_ISA_USAGE = YES_ERROR;
				CLANG_WARN_DOCUMENTATION_COMMENTS = YES;
				CLANG_WARN_EMPTY_BODY = YES;
				CLANG_WARN_ENUM_CONVERSION = YES;
				CLANG_WARN_INFINITE_RECURSION = YES;
				CLANG_WARN_INT_CONVERSION = YES;
				CLANG_WARN_NON_LITERAL_NULL_CONVERSION = YES;
				CLANG_WARN_OBJC_IMPLICIT_RETAIN_SELF = YES;
				CLANG_WARN_OBJC_LITERAL_CONVERSION = YES;
				CLANG_WARN_OBJC_ROOT_CLASS = YES_ERROR;
				CLANG_WARN_QUOTED_INCLUDE_IN_FRAMEWORK_HEADER = YES;
				CLANG_WARN_RANGE_LOOP_ANALYSIS = YES;
				CLANG_WARN_STRICT_PROTOTYPES = YES;
				CLANG_WARN_SUSPICIOUS_MOVE = YES;
				CLANG_WARN_UNGUARDED_AVAILABILITY = YES_AGGRESSIVE;
				CLANG_WARN_UNREACHABLE_CODE = YES;
				CLANG_WARN__DUPLICATE_METHOD_MATCH = YES;
				COPY_PHASE_STRIP = NO;
				DEBUG_INFORMATION_FORMAT = dwarf;
				ENABLE_STRICT_OBJC_MSGSEND = YES;
				ENABLE_TESTABILITY = YES;
				GCC_C_LANGUAGE_STANDARD = gnu11;
				GCC_DYNAMIC_NO_PIC = NO;
				GCC_NO_COMMON_BLOCKS = YES;
				GCC_OPTIMIZATION_LEVEL = 0;
				GCC_PREPROCESSOR_DEFINITIONS = (
					"DEBUG=1",
					"$(inherited)",
				);
				GCC_WARN_64_TO_32_BIT_CONVERSION = YES;
				GCC_WARN_ABOUT_RETURN_TYPE = YES_ERROR;
				GCC_WARN_UNDECLARED_SELECTOR = YES;
				GCC_WARN_UNINITIALIZED_AUTOS = YES_AGGRESSIVE;
				GCC_WARN_UNUSED_FUNCTION = YES;
				GCC_WARN_UNUSED_VARIABLE = YES;
				IPHONEOS_DEPLOYMENT_TARGET = 16.2;
				MTL_ENABLE_DEBUG_INFO = INCLUDE_SOURCE;
				MTL_FAST_MATH = YES;
				ONLY_ACTIVE_ARCH = YES;
				SDKROOT = iphoneos;
				SWIFT_ACTIVE_COMPILATION_CONDITIONS = DEBUG;
				SWIFT_OPTIMIZATION_LEVEL = "-Onone";
			};
			name = Debug;
		};
		048477F62B10723D00D1F0DE /* Release */ = {
			isa = XCBuildConfiguration;
			buildSettings = {
				ALWAYS_SEARCH_USER_PATHS = NO;
				CLANG_ANALYZER_NONNULL = YES;
				CLANG_ANALYZER_NUMBER_OBJECT_CONVERSION = YES_AGGRESSIVE;
				CLANG_CXX_LANGUAGE_STANDARD = "gnu++20";
				CLANG_ENABLE_MODULES = YES;
				CLANG_ENABLE_OBJC_ARC = YES;
				CLANG_ENABLE_OBJC_WEAK = YES;
				CLANG_WARN_BLOCK_CAPTURE_AUTORELEASING = YES;
				CLANG_WARN_BOOL_CONVERSION = YES;
				CLANG_WARN_COMMA = YES;
				CLANG_WARN_CONSTANT_CONVERSION = YES;
				CLANG_WARN_DEPRECATED_OBJC_IMPLEMENTATIONS = YES;
				CLANG_WARN_DIRECT_OBJC_ISA_USAGE = YES_ERROR;
				CLANG_WARN_DOCUMENTATION_COMMENTS = YES;
				CLANG_WARN_EMPTY_BODY = YES;
				CLANG_WARN_ENUM_CONVERSION = YES;
				CLANG_WARN_INFINITE_RECURSION = YES;
				CLANG_WARN_INT_CONVERSION = YES;
				CLANG_WARN_NON_LITERAL_NULL_CONVERSION = YES;
				CLANG_WARN_OBJC_IMPLICIT_RETAIN_SELF = YES;
				CLANG_WARN_OBJC_LITERAL_CONVERSION = YES;
				CLANG_WARN_OBJC_ROOT_CLASS = YES_ERROR;
				CLANG_WARN_QUOTED_INCLUDE_IN_FRAMEWORK_HEADER = YES;
				CLANG_WARN_RANGE_LOOP_ANALYSIS = YES;
				CLANG_WARN_STRICT_PROTOTYPES = YES;
				CLANG_WARN_SUSPICIOUS_MOVE = YES;
				CLANG_WARN_UNGUARDED_AVAILABILITY = YES_AGGRESSIVE;
				CLANG_WARN_UNREACHABLE_CODE = YES;
				CLANG_WARN__DUPLICATE_METHOD_MATCH = YES;
				COPY_PHASE_STRIP = NO;
				DEBUG_INFORMATION_FORMAT = "dwarf-with-dsym";
				ENABLE_NS_ASSERTIONS = NO;
				ENABLE_STRICT_OBJC_MSGSEND = YES;
				GCC_C_LANGUAGE_STANDARD = gnu11;
				GCC_NO_COMMON_BLOCKS = YES;
				GCC_WARN_64_TO_32_BIT_CONVERSION = YES;
				GCC_WARN_ABOUT_RETURN_TYPE = YES_ERROR;
				GCC_WARN_UNDECLARED_SELECTOR = YES;
				GCC_WARN_UNINITIALIZED_AUTOS = YES_AGGRESSIVE;
				GCC_WARN_UNUSED_FUNCTION = YES;
				GCC_WARN_UNUSED_VARIABLE = YES;
				IPHONEOS_DEPLOYMENT_TARGET = 16.2;
				MTL_ENABLE_DEBUG_INFO = NO;
				MTL_FAST_MATH = YES;
				SDKROOT = iphoneos;
				SWIFT_COMPILATION_MODE = wholemodule;
				SWIFT_OPTIMIZATION_LEVEL = "-O";
				VALIDATE_PRODUCT = YES;
			};
			name = Release;
		};
		048477F82B10723D00D1F0DE /* Debug */ = {
			isa = XCBuildConfiguration;
			buildSettings = {
				ASSETCATALOG_COMPILER_APPICON_NAME = AppIcon;
				ASSETCATALOG_COMPILER_GLOBAL_ACCENT_COLOR_NAME = AccentColor;
				CODE_SIGN_STYLE = Automatic;
				CURRENT_PROJECT_VERSION = 1;
				DEVELOPMENT_ASSET_PATHS = "\"scrumdinger/Preview Content\"";
				ENABLE_PREVIEWS = YES;
				GENERATE_INFOPLIST_FILE = YES;
				INFOPLIST_KEY_UIApplicationSceneManifest_Generation = YES;
				INFOPLIST_KEY_UIApplicationSupportsIndirectInputEvents = YES;
				INFOPLIST_KEY_UILaunchScreen_Generation = YES;
				INFOPLIST_KEY_UISupportedInterfaceOrientations_iPad = "UIInterfaceOrientationPortrait UIInterfaceOrientationPortraitUpsideDown UIInterfaceOrientationLandscapeLeft UIInterfaceOrientationLandscapeRight";
				INFOPLIST_KEY_UISupportedInterfaceOrientations_iPhone = "UIInterfaceOrientationPortrait UIInterfaceOrientationLandscapeLeft UIInterfaceOrientationLandscapeRight";
				LD_RUNPATH_SEARCH_PATHS = (
					"$(inherited)",
					"@executable_path/Frameworks",
				);
				MARKETING_VERSION = 1.0;
				PRODUCT_BUNDLE_IDENTIFIER = com.yazidal.scrumdinger;
				PRODUCT_NAME = "$(TARGET_NAME)";
				SWIFT_EMIT_LOC_STRINGS = YES;
				SWIFT_VERSION = 5.0;
				TARGETED_DEVICE_FAMILY = "1,2";
			};
			name = Debug;
		};
		048477F92B10723D00D1F0DE /* Release */ = {
			isa = XCBuildConfiguration;
			buildSettings = {
				ASSETCATALOG_COMPILER_APPICON_NAME = AppIcon;
				ASSETCATALOG_COMPILER_GLOBAL_ACCENT_COLOR_NAME = AccentColor;
				CODE_SIGN_STYLE = Automatic;
				CURRENT_PROJECT_VERSION = 1;
				DEVELOPMENT_ASSET_PATHS = "\"scrumdinger/Preview Content\"";
				ENABLE_PREVIEWS = YES;
				GENERATE_INFOPLIST_FILE = YES;
				INFOPLIST_KEY_UIApplicationSceneManifest_Generation = YES;
				INFOPLIST_KEY_UIApplicationSupportsIndirectInputEvents = YES;
				INFOPLIST_KEY_UILaunchScreen_Generation = YES;
				INFOPLIST_KEY_UISupportedInterfaceOrientations_iPad = "UIInterfaceOrientationPortrait UIInterfaceOrientationPortraitUpsideDown UIInterfaceOrientationLandscapeLeft UIInterfaceOrientationLandscapeRight";
				INFOPLIST_KEY_UISupportedInterfaceOrientations_iPhone = "UIInterfaceOrientationPortrait UIInterfaceOrientationLandscapeLeft UIInterfaceOrientationLandscapeRight";
				LD_RUNPATH_SEARCH_PATHS = (
					"$(inherited)",
					"@executable_path/Frameworks",
				);
				MARKETING_VERSION = 1.0;
				PRODUCT_BUNDLE_IDENTIFIER = com.yazidal.scrumdinger;
				PRODUCT_NAME = "$(TARGET_NAME)";
				SWIFT_EMIT_LOC_STRINGS = YES;
				SWIFT_VERSION = 5.0;
				TARGETED_DEVICE_FAMILY = "1,2";
			};
			name = Release;
		};
		048477FB2B10723D00D1F0DE /* Debug */ = {
			isa = XCBuildConfiguration;
			buildSettings = {
				ALWAYS_EMBED_SWIFT_STANDARD_LIBRARIES = YES;
				BUNDLE_LOADER = "$(TEST_HOST)";
				CODE_SIGN_STYLE = Automatic;
				CURRENT_PROJECT_VERSION = 1;
				GENERATE_INFOPLIST_FILE = YES;
				IPHONEOS_DEPLOYMENT_TARGET = 16.2;
				MARKETING_VERSION = 1.0;
				PRODUCT_BUNDLE_IDENTIFIER = com.yazidal.scrumdingerTests;
				PRODUCT_NAME = "$(TARGET_NAME)";
				SWIFT_EMIT_LOC_STRINGS = NO;
				SWIFT_VERSION = 5.0;
				TARGETED_DEVICE_FAMILY = "1,2";
				TEST_HOST = "$(BUILT_PRODUCTS_DIR)/scrumdinger.app/$(BUNDLE_EXECUTABLE_FOLDER_PATH)/scrumdinger";
			};
			name = Debug;
		};
		048477FC2B10723D00D1F0DE /* Release */ = {
			isa = XCBuildConfiguration;
			buildSettings = {
				ALWAYS_EMBED_SWIFT_STANDARD_LIBRARIES = YES;
				BUNDLE_LOADER = "$(TEST_HOST)";
				CODE_SIGN_STYLE = Automatic;
				CURRENT_PROJECT_VERSION = 1;
				GENERATE_INFOPLIST_FILE = YES;
				IPHONEOS_DEPLOYMENT_TARGET = 16.2;
				MARKETING_VERSION = 1.0;
				PRODUCT_BUNDLE_IDENTIFIER = com.yazidal.scrumdingerTests;
				PRODUCT_NAME = "$(TARGET_NAME)";
				SWIFT_EMIT_LOC_STRINGS = NO;
				SWIFT_VERSION = 5.0;
				TARGETED_DEVICE_FAMILY = "1,2";
				TEST_HOST = "$(BUILT_PRODUCTS_DIR)/scrumdinger.app/$(BUNDLE_EXECUTABLE_FOLDER_PATH)/scrumdinger";
			};
			name = Release;
		};
		048477FE2B10723D00D1F0DE /* Debug */ = {
			isa = XCBuildConfiguration;
			buildSettings = {
				ALWAYS_EMBED_SWIFT_STANDARD_LIBRARIES = YES;
				CODE_SIGN_STYLE = Automatic;
				CURRENT_PROJECT_VERSION = 1;
				GENERATE_INFOPLIST_FILE = YES;
				MARKETING_VERSION = 1.0;
				PRODUCT_BUNDLE_IDENTIFIER = com.yazidal.scrumdingerUITests;
				PRODUCT_NAME = "$(TARGET_NAME)";
				SWIFT_EMIT_LOC_STRINGS = NO;
				SWIFT_VERSION = 5.0;
				TARGETED_DEVICE_FAMILY = "1,2";
				TEST_TARGET_NAME = scrumdinger;
			};
			name = Debug;
		};
		048477FF2B10723D00D1F0DE /* Release */ = {
			isa = XCBuildConfiguration;
			buildSettings = {
				ALWAYS_EMBED_SWIFT_STANDARD_LIBRARIES = YES;
				CODE_SIGN_STYLE = Automatic;
				CURRENT_PROJECT_VERSION = 1;
				GENERATE_INFOPLIST_FILE = YES;
				MARKETING_VERSION = 1.0;
				PRODUCT_BUNDLE_IDENTIFIER = com.yazidal.scrumdingerUITests;
				PRODUCT_NAME = "$(TARGET_NAME)";
				SWIFT_EMIT_LOC_STRINGS = NO;
				SWIFT_VERSION = 5.0;
				TARGETED_DEVICE_FAMILY = "1,2";
				TEST_TARGET_NAME = scrumdinger;
			};
			name = Release;
		};
/* End XCBuildConfiguration section */

/* Begin XCConfigurationList section */
		048477CE2B10723600D1F0DE /* Build configuration list for PBXProject "scrumdinger" */ = {
			isa = XCConfigurationList;
			buildConfigurations = (
				048477F52B10723D00D1F0DE /* Debug */,
				048477F62B10723D00D1F0DE /* Release */,
			);
			defaultConfigurationIsVisible = 0;
			defaultConfigurationName = Release;
		};
		048477F72B10723D00D1F0DE /* Build configuration list for PBXNativeTarget "scrumdinger" */ = {
			isa = XCConfigurationList;
			buildConfigurations = (
				048477F82B10723D00D1F0DE /* Debug */,
				048477F92B10723D00D1F0DE /* Release */,
			);
			defaultConfigurationIsVisible = 0;
			defaultConfigurationName = Release;
		};
		048477FA2B10723D00D1F0DE /* Build configuration list for PBXNativeTarget "scrumdingerTests" */ = {
			isa = XCConfigurationList;
			buildConfigurations = (
				048477FB2B10723D00D1F0DE /* Debug */,
				048477FC2B10723D00D1F0DE /* Release */,
			);
			defaultConfigurationIsVisible = 0;
			defaultConfigurationName = Release;
		};
		048477FD2B10723D00D1F0DE /* Build configuration list for PBXNativeTarget "scrumdingerUITests" */ = {
			isa = XCConfigurationList;
			buildConfigurations = (
				048477FE2B10723D00D1F0DE /* Debug */,
				048477FF2B10723D00D1F0DE /* Release */,
			);
			defaultConfigurationIsVisible = 0;
			defaultConfigurationName = Release;
		};
/* End XCConfigurationList section */
	};
	rootObject = 048477CB2B10723600D1F0DE /* Project object */;
}
